// !$*UTF8*$!
{
	archiveVersion = 1;
	classes = {
	};
	objectVersion = 50;
	objects = {

/* Begin PBXBuildFile section */
		D23FE5F42611CE35007326EC /* AppDelegate.swift in Sources */ = {isa = PBXBuildFile; fileRef = D23FE5F32611CE35007326EC /* AppDelegate.swift */; };
		D23FE5F82611CE35007326EC /* ViewController.swift in Sources */ = {isa = PBXBuildFile; fileRef = D23FE5F72611CE35007326EC /* ViewController.swift */; };
		D23FE5FB2611CE35007326EC /* Main.storyboard in Resources */ = {isa = PBXBuildFile; fileRef = D23FE5F92611CE35007326EC /* Main.storyboard */; };
		D23FE5FD2611CE36007326EC /* Assets.xcassets in Resources */ = {isa = PBXBuildFile; fileRef = D23FE5FC2611CE36007326EC /* Assets.xcassets */; };
		D23FE6002611CE36007326EC /* LaunchScreen.storyboard in Resources */ = {isa = PBXBuildFile; fileRef = D23FE5FE2611CE36007326EC /* LaunchScreen.storyboard */; };
		D23FE60E2611CF1F007326EC /* ProductListViewState.swift in Sources */ = {isa = PBXBuildFile; fileRef = D23FE60D2611CF1F007326EC /* ProductListViewState.swift */; };
		D23FE6112611CF5B007326EC /* Product.swift in Sources */ = {isa = PBXBuildFile; fileRef = D23FE6102611CF5B007326EC /* Product.swift */; };
		D23FE6142611CF75007326EC /* ProductListPresenter.swift in Sources */ = {isa = PBXBuildFile; fileRef = D23FE6132611CF75007326EC /* ProductListPresenter.swift */; };
		D23FE6182611CFC6007326EC /* ProductListViewcontroller.swift in Sources */ = {isa = PBXBuildFile; fileRef = D23FE6172611CFC6007326EC /* ProductListViewcontroller.swift */; };
		D23FE61D2611EB72007326EC /* SceneDelegate.swift in Sources */ = {isa = PBXBuildFile; fileRef = D23FE61C2611EB72007326EC /* SceneDelegate.swift */; };
/* End PBXBuildFile section */

/* Begin PBXFileReference section */
		D23FE5F02611CE35007326EC /* MVVPExample.app */ = {isa = PBXFileReference; explicitFileType = wrapper.application; includeInIndex = 0; path = MVVPExample.app; sourceTree = BUILT_PRODUCTS_DIR; };
		D23FE5F32611CE35007326EC /* AppDelegate.swift */ = {isa = PBXFileReference; lastKnownFileType = sourcecode.swift; path = AppDelegate.swift; sourceTree = "<group>"; };
		D23FE5F72611CE35007326EC /* ViewController.swift */ = {isa = PBXFileReference; lastKnownFileType = sourcecode.swift; path = ViewController.swift; sourceTree = "<group>"; };
		D23FE5FA2611CE35007326EC /* Base */ = {isa = PBXFileReference; lastKnownFileType = file.storyboard; name = Base; path = Base.lproj/Main.storyboard; sourceTree = "<group>"; };
		D23FE5FC2611CE36007326EC /* Assets.xcassets */ = {isa = PBXFileReference; lastKnownFileType = folder.assetcatalog; path = Assets.xcassets; sourceTree = "<group>"; };
		D23FE5FF2611CE36007326EC /* Base */ = {isa = PBXFileReference; lastKnownFileType = file.storyboard; name = Base; path = Base.lproj/LaunchScreen.storyboard; sourceTree = "<group>"; };
		D23FE6012611CE36007326EC /* Info.plist */ = {isa = PBXFileReference; lastKnownFileType = text.plist.xml; path = Info.plist; sourceTree = "<group>"; };
		D23FE60D2611CF1F007326EC /* ProductListViewState.swift */ = {isa = PBXFileReference; lastKnownFileType = sourcecode.swift; path = ProductListViewState.swift; sourceTree = "<group>"; };
		D23FE6102611CF5B007326EC /* Product.swift */ = {isa = PBXFileReference; lastKnownFileType = sourcecode.swift; path = Product.swift; sourceTree = "<group>"; };
		D23FE6132611CF75007326EC /* ProductListPresenter.swift */ = {isa = PBXFileReference; lastKnownFileType = sourcecode.swift; path = ProductListPresenter.swift; sourceTree = "<group>"; };
		D23FE6172611CFC6007326EC /* ProductListViewcontroller.swift */ = {isa = PBXFileReference; lastKnownFileType = sourcecode.swift; path = ProductListViewcontroller.swift; sourceTree = "<group>"; };
		D23FE61C2611EB72007326EC /* SceneDelegate.swift */ = {isa = PBXFileReference; fileEncoding = 4; lastKnownFileType = sourcecode.swift; path = SceneDelegate.swift; sourceTree = "<group>"; };
/* End PBXFileReference section */

/* Begin PBXFrameworksBuildPhase section */
		D23FE5ED2611CE35007326EC /* Frameworks */ = {
			isa = PBXFrameworksBuildPhase;
			buildActionMask = 2147483647;
			files = (
			);
			runOnlyForDeploymentPostprocessing = 0;
		};
/* End PBXFrameworksBuildPhase section */

/* Begin PBXGroup section */
		D23FE5E72611CE35007326EC = {
			isa = PBXGroup;
			children = (
				D23FE5F22611CE35007326EC /* MVVPExample */,
				D23FE5F12611CE35007326EC /* Products */,
			);
			sourceTree = "<group>";
		};
		D23FE5F12611CE35007326EC /* Products */ = {
			isa = PBXGroup;
			children = (
				D23FE5F02611CE35007326EC /* MVVPExample.app */,
			);
			name = Products;
			sourceTree = "<group>";
		};
		D23FE5F22611CE35007326EC /* MVVPExample */ = {
			isa = PBXGroup;
			children = (
				D23FE6082611CE8E007326EC /* Product */,
				D23FE5F32611CE35007326EC /* AppDelegate.swift */,
				D23FE61C2611EB72007326EC /* SceneDelegate.swift */,
				D23FE5F72611CE35007326EC /* ViewController.swift */,
				D23FE5F92611CE35007326EC /* Main.storyboard */,
				D23FE5FC2611CE36007326EC /* Assets.xcassets */,
				D23FE5FE2611CE36007326EC /* LaunchScreen.storyboard */,
				D23FE6012611CE36007326EC /* Info.plist */,
			);
			path = MVVPExample;
			sourceTree = "<group>";
		};
		D23FE6082611CE8E007326EC /* Product */ = {
			isa = PBXGroup;
			children = (
				D23FE6172611CFC6007326EC /* ProductListViewcontroller.swift */,
				D23FE6132611CF75007326EC /* ProductListPresenter.swift */,
				D23FE60D2611CF1F007326EC /* ProductListViewState.swift */,
				D23FE6102611CF5B007326EC /* Product.swift */,
			);
			path = Product;
			sourceTree = "<group>";
		};
/* End PBXGroup section */

/* Begin PBXNativeTarget section */
		D23FE5EF2611CE35007326EC /* MVVPExample */ = {
			isa = PBXNativeTarget;
			buildConfigurationList = D23FE6042611CE36007326EC /* Build configuration list for PBXNativeTarget "MVVPExample" */;
			buildPhases = (
				D23FE5EC2611CE35007326EC /* Sources */,
				D23FE5ED2611CE35007326EC /* Frameworks */,
				D23FE5EE2611CE35007326EC /* Resources */,
			);
			buildRules = (
			);
			dependencies = (
			);
			name = MVVPExample;
			productName = MVVPExample;
			productReference = D23FE5F02611CE35007326EC /* MVVPExample.app */;
			productType = "com.apple.product-type.application";
		};
/* End PBXNativeTarget section */

/* Begin PBXProject section */
		D23FE5E82611CE35007326EC /* Project object */ = {
			isa = PBXProject;
			attributes = {
				LastSwiftUpdateCheck = 1240;
				LastUpgradeCheck = 1240;
				TargetAttributes = {
					D23FE5EF2611CE35007326EC = {
						CreatedOnToolsVersion = 12.4;
					};
				};
			};
			buildConfigurationList = D23FE5EB2611CE35007326EC /* Build configuration list for PBXProject "MVVPExample" */;
			compatibilityVersion = "Xcode 9.3";
			developmentRegion = en;
			hasScannedForEncodings = 0;
			knownRegions = (
				en,
				Base,
			);
			mainGroup = D23FE5E72611CE35007326EC;
			productRefGroup = D23FE5F12611CE35007326EC /* Products */;
			projectDirPath = "";
			projectRoot = "";
			targets = (
				D23FE5EF2611CE35007326EC /* MVVPExample */,
			);
		};
/* End PBXProject section */

/* Begin PBXResourcesBuildPhase section */
		D23FE5EE2611CE35007326EC /* Resources */ = {
			isa = PBXResourcesBuildPhase;
			buildActionMask = 2147483647;
			files = (
				D23FE6002611CE36007326EC /* LaunchScreen.storyboard in Resources */,
				D23FE5FD2611CE36007326EC /* Assets.xcassets in Resources */,
				D23FE5FB2611CE35007326EC /* Main.storyboard in Resources */,
			);
			runOnlyForDeploymentPostprocessing = 0;
		};
/* End PBXResourcesBuildPhase section */

/* Begin PBXSourcesBuildPhase section */
		D23FE5EC2611CE35007326EC /* Sources */ = {
			isa = PBXSourcesBuildPhase;
			buildActionMask = 2147483647;
			files = (
				D23FE5F82611CE35007326EC /* ViewController.swift in Sources */,
				D23FE61D2611EB72007326EC /* SceneDelegate.swift in Sources */,
				D23FE5F42611CE35007326EC /* AppDelegate.swift in Sources */,
				D23FE6182611CFC6007326EC /* ProductListViewcontroller.swift in Sources */,
				D23FE6142611CF75007326EC /* ProductListPresenter.swift in Sources */,
				D23FE60E2611CF1F007326EC /* ProductListViewState.swift in Sources */,
				D23FE6112611CF5B007326EC /* Product.swift in Sources */,
			);
			runOnlyForDeploymentPostprocessing = 0;
		};
/* End PBXSourcesBuildPhase section */

/* Begin PBXVariantGroup section */
		D23FE5F92611CE35007326EC /* Main.storyboard */ = {
			isa = PBXVariantGroup;
			children = (
				D23FE5FA2611CE35007326EC /* Base */,
			);
			name = Main.storyboard;
			sourceTree = "<group>";
		};
		D23FE5FE2611CE36007326EC /* LaunchScreen.storyboard */ = {
			isa = PBXVariantGroup;
			children = (
				D23FE5FF2611CE36007326EC /* Base */,
			);
			name = LaunchScreen.storyboard;
			sourceTree = "<group>";
		};
/* End PBXVariantGroup section */

/* Begin XCBuildConfiguration section */
		D23FE6022611CE36007326EC /* Debug */ = {
			isa = XCBuildConfiguration;
			buildSettings = {
				ALWAYS_SEARCH_USER_PATHS = NO;
				CLANG_ANALYZER_NONNULL = YES;
				CLANG_ANALYZER_NUMBER_OBJECT_CONVERSION = YES_AGGRESSIVE;
				CLANG_CXX_LANGUAGE_STANDARD = "gnu++14";
				CLANG_CXX_LIBRARY = "libc++";
				CLANG_ENABLE_MODULES = YES;
				CLANG_ENABLE_OBJC_ARC = YES;
				CLANG_ENABLE_OBJC_WEAK = YES;
				CLANG_WARN_BLOCK_CAPTURE_AUTORELEASING = YES;
				CLANG_WARN_BOOL_CONVERSION = YES;
				CLANG_WARN_COMMA = YES;
				CLANG_WARN_CONSTANT_CONVERSION = YES;
				CLANG_WARN_DEPRECATED_OBJC_IMPLEMENTATIONS = YES;
				CLANG_WARN_DIRECT_OBJC_ISA_USAGE = YES_ERROR;
				CLANG_WARN_DOCUMENTATION_COMMENTS = YES;
				CLANG_WARN_EMPTY_BODY = YES;
				CLANG_WARN_ENUM_CONVERSION = YES;
				CLANG_WARN_INFINITE_RECURSION = YES;
				CLANG_WARN_INT_CONVERSION = YES;
				CLANG_WARN_NON_LITERAL_NULL_CONVERSION = YES;
				CLANG_WARN_OBJC_IMPLICIT_RETAIN_SELF = YES;
				CLANG_WARN_OBJC_LITERAL_CONVERSION = YES;
				CLANG_WARN_OBJC_ROOT_CLASS = YES_ERROR;
				CLANG_WARN_QUOTED_INCLUDE_IN_FRAMEWORK_HEADER = YES;
				CLANG_WARN_RANGE_LOOP_ANALYSIS = YES;
				CLANG_WARN_STRICT_PROTOTYPES = YES;
				CLANG_WARN_SUSPICIOUS_MOVE = YES;
				CLANG_WARN_UNGUARDED_AVAILABILITY = YES_AGGRESSIVE;
				CLANG_WARN_UNREACHABLE_CODE = YES;
				CLANG_WARN__DUPLICATE_METHOD_MATCH = YES;
				COPY_PHASE_STRIP = NO;
				DEBUG_INFORMATION_FORMAT = dwarf;
				ENABLE_STRICT_OBJC_MSGSEND = YES;
				ENABLE_TESTABILITY = YES;
				GCC_C_LANGUAGE_STANDARD = gnu11;
				GCC_DYNAMIC_NO_PIC = NO;
				GCC_NO_COMMON_BLOCKS = YES;
				GCC_OPTIMIZATION_LEVEL = 0;
				GCC_PREPROCESSOR_DEFINITIONS = (
					"DEBUG=1",
					"$(inherited)",
				);
				GCC_WARN_64_TO_32_BIT_CONVERSION = YES;
				GCC_WARN_ABOUT_RETURN_TYPE = YES_ERROR;
				GCC_WARN_UNDECLARED_SELECTOR = YES;
				GCC_WARN_UNINITIALIZED_AUTOS = YES_AGGRESSIVE;
				GCC_WARN_UNUSED_FUNCTION = YES;
				GCC_WARN_UNUSED_VARIABLE = YES;
				IPHONEOS_DEPLOYMENT_TARGET = 14.4;
				MTL_ENABLE_DEBUG_INFO = INCLUDE_SOURCE;
				MTL_FAST_MATH = YES;
				ONLY_ACTIVE_ARCH = YES;
				SDKROOT = iphoneos;
				SWIFT_ACTIVE_COMPILATION_CONDITIONS = DEBUG;
				SWIFT_OPTIMIZATION_LEVEL = "-Onone";
			};
			name = Debug;
		};
		D23FE6032611CE36007326EC /* Release */ = {
			isa = XCBuildConfiguration;
			buildSettings = {
				ALWAYS_SEARCH_USER_PATHS = NO;
				CLANG_ANALYZER_NONNULL = YES;
				CLANG_ANALYZER_NUMBER_OBJECT_CONVERSION = YES_AGGRESSIVE;
				CLANG_CXX_LANGUAGE_STANDARD = "gnu++14";
				CLANG_CXX_LIBRARY = "libc++";
				CLANG_ENABLE_MODULES = YES;
				CLANG_ENABLE_OBJC_ARC = YES;
				CLANG_ENABLE_OBJC_WEAK = YES;
				CLANG_WARN_BLOCK_CAPTURE_AUTORELEASING = YES;
				CLANG_WARN_BOOL_CONVERSION = YES;
				CLANG_WARN_COMMA = YES;
				CLANG_WARN_CONSTANT_CONVERSION = YES;
				CLANG_WARN_DEPRECATED_OBJC_IMPLEMENTATIONS = YES;
				CLANG_WARN_DIRECT_OBJC_ISA_USAGE = YES_ERROR;
				CLANG_WARN_DOCUMENTATION_COMMENTS = YES;
				CLANG_WARN_EMPTY_BODY = YES;
				CLANG_WARN_ENUM_CONVERSION = YES;
				CLANG_WARN_INFINITE_RECURSION = YES;
				CLANG_WARN_INT_CONVERSION = YES;
				CLANG_WARN_NON_LITERAL_NULL_CONVERSION = YES;
				CLANG_WARN_OBJC_IMPLICIT_RETAIN_SELF = YES;
				CLANG_WARN_OBJC_LITERAL_CONVERSION = YES;
				CLANG_WARN_OBJC_ROOT_CLASS = YES_ERROR;
				CLANG_WARN_QUOTED_INCLUDE_IN_FRAMEWORK_HEADER = YES;
				CLANG_WARN_RANGE_LOOP_ANALYSIS = YES;
				CLANG_WARN_STRICT_PROTOTYPES = YES;
				CLANG_WARN_SUSPICIOUS_MOVE = YES;
				CLANG_WARN_UNGUARDED_AVAILABILITY = YES_AGGRESSIVE;
				CLANG_WARN_UNREACHABLE_CODE = YES;
				CLANG_WARN__DUPLICATE_METHOD_MATCH = YES;
				COPY_PHASE_STRIP = NO;
				DEBUG_INFORMATION_FORMAT = "dwarf-with-dsym";
				ENABLE_NS_ASSERTIONS = NO;
				ENABLE_STRICT_OBJC_MSGSEND = YES;
				GCC_C_LANGUAGE_STANDARD = gnu11;
				GCC_NO_COMMON_BLOCKS = YES;
				GCC_WARN_64_TO_32_BIT_CONVERSION = YES;
				GCC_WARN_ABOUT_RETURN_TYPE = YES_ERROR;
				GCC_WARN_UNDECLARED_SELECTOR = YES;
				GCC_WARN_UNINITIALIZED_AUTOS = YES_AGGRESSIVE;
				GCC_WARN_UNUSED_FUNCTION = YES;
				GCC_WARN_UNUSED_VARIABLE = YES;
				IPHONEOS_DEPLOYMENT_TARGET = 14.4;
				MTL_ENABLE_DEBUG_INFO = NO;
				MTL_FAST_MATH = YES;
				SDKROOT = iphoneos;
				SWIFT_COMPILATION_MODE = wholemodule;
				SWIFT_OPTIMIZATION_LEVEL = "-O";
				VALIDATE_PRODUCT = YES;
			};
			name = Release;
		};
		D23FE6052611CE36007326EC /* Debug */ = {
			isa = XCBuildConfiguration;
			buildSettings = {
				ASSETCATALOG_COMPILER_APPICON_NAME = AppIcon;
				ASSETCATALOG_COMPILER_GLOBAL_ACCENT_COLOR_NAME = AccentColor;
				CODE_SIGN_STYLE = Automatic;
				INFOPLIST_FILE = MVVPExample/Info.plist;
				LD_RUNPATH_SEARCH_PATHS = (
					"$(inherited)",
					"@executable_path/Frameworks",
				);
				PRODUCT_BUNDLE_IDENTIFIER = com.ios.MVVPExample;
				PRODUCT_NAME = "$(TARGET_NAME)";
				SWIFT_VERSION = 5.0;
				TARGETED_DEVICE_FAMILY = "1,2";
			};
			name = Debug;
		};
		D23FE6062611CE36007326EC /* Release */ = {
			isa = XCBuildConfiguration;
			buildSettings = {
				ASSETCATALOG_COMPILER_APPICON_NAME = AppIcon;
				ASSETCATALOG_COMPILER_GLOBAL_ACCENT_COLOR_NAME = AccentColor;
				CODE_SIGN_STYLE = Automatic;
				INFOPLIST_FILE = MVVPExample/Info.plist;
				LD_RUNPATH_SEARCH_PATHS = (
					"$(inherited)",
					"@executable_path/Frameworks",
				);
				PRODUCT_BUNDLE_IDENTIFIER = com.ios.MVVPExample;
				PRODUCT_NAME = "$(TARGET_NAME)";
				SWIFT_VERSION = 5.0;
				TARGETED_DEVICE_FAMILY = "1,2";
			};
			name = Release;
		};
/* End XCBuildConfiguration section */

/* Begin XCConfigurationList section */
		D23FE5EB2611CE35007326EC /* Build configuration list for PBXProject "MVVPExample" */ = {
			isa = XCConfigurationList;
			buildConfigurations = (
				D23FE6022611CE36007326EC /* Debug */,
				D23FE6032611CE36007326EC /* Release */,
			);
			defaultConfigurationIsVisible = 0;
			defaultConfigurationName = Release;
		};
		D23FE6042611CE36007326EC /* Build configuration list for PBXNativeTarget "MVVPExample" */ = {
			isa = XCConfigurationList;
			buildConfigurations = (
				D23FE6052611CE36007326EC /* Debug */,
				D23FE6062611CE36007326EC /* Release */,
			);
			defaultConfigurationIsVisible = 0;
			defaultConfigurationName = Release;
		};
/* End XCConfigurationList section */
	};
	rootObject = D23FE5E82611CE35007326EC /* Project object */;
}
